
Microsoft Visual Studio Solution File, Format Version 12.00
# Visual Studio Version 16
VisualStudioVersion = 16.0.31321.278
MinimumVisualStudioVersion = 10.0.40219.1
Project("{FAE04EC0-301F-11D3-BF4B-00C04F79EFBC}") = "WareCheckerApp", "WareChecker\WareCheckerApp.csproj", "{002BB193-2B81-407C-BD37-B7B133E412EF}"
EndProject
Project("{FAE04EC0-301F-11D3-BF4B-00C04F79EFBC}") = "TestApp", "TestApp\TestApp.csproj", "{B9049B8C-8736-49D3-B0E6-BD33F42F5DCB}"
EndProject
Global
	GlobalSection(SolutionConfigurationPlatforms) = preSolution
		Debug|Any CPU = Debug|Any CPU
		Release|Any CPU = Release|Any CPU
	EndGlobalSection
	GlobalSection(ProjectConfigurationPlatforms) = postSolution
		{002BB193-2B81-407C-BD37-B7B133E412EF}.Debug|Any CPU.ActiveCfg = Debug|Any CPU
		{002BB193-2B81-407C-BD37-B7B133E412EF}.Debug|Any CPU.Build.0 = Debug|Any CPU
		{002BB193-2B81-407C-BD37-B7B133E412EF}.Release|Any CPU.ActiveCfg = Release|Any CPU
		{002BB193-2B81-407C-BD37-B7B133E412EF}.Release|Any CPU.Build.0 = Release|Any CPU
		{B9049B8C-8736-49D3-B0E6-BD33F42F5DCB}.Debug|Any CPU.ActiveCfg = Debug|Any CPU
		{B9049B8C-8736-49D3-B0E6-BD33F42F5DCB}.Debug|Any CPU.Build.0 = Debug|Any CPU
		{B9049B8C-8736-49D3-B0E6-BD33F42F5DCB}.Release|Any CPU.ActiveCfg = Release|Any CPU
		{B9049B8C-8736-49D3-B0E6-BD33F42F5DCB}.Release|Any CPU.Build.0 = Release|Any CPU
	EndGlobalSection
	GlobalSection(SolutionProperties) = preSolution
		HideSolutionNode = FALSE
	EndGlobalSection
	GlobalSection(ExtensibilityGlobals) = postSolution
		SolutionGuid = {AAA50CD6-BCBB-4F4A-A1C7-9CB093EBF4E1}
	EndGlobalSection
EndGlobal
